
Microsoft Visual Studio Solution File, Format Version 12.00
# Visual Studio Version 17
VisualStudioVersion = 17.4.33403.182
MinimumVisualStudioVersion = 10.0.40219.1
Project("{888888A0-9F3D-457C-B088-3A5042F75D52}") = "MyAutomations", "MyAutomations.pyproj", "{01052749-8D4A-4F94-8B78-91AA6793C096}"
EndProject
Global
	GlobalSection(SolutionConfigurationPlatforms) = preSolution
		Debug|Any CPU = Debug|Any CPU
		Release|Any CPU = Release|Any CPU
	EndGlobalSection
	GlobalSection(ProjectConfigurationPlatforms) = postSolution
		{01052749-8D4A-4F94-8B78-91AA6793C096}.Debug|Any CPU.ActiveCfg = Debug|Any CPU
		{01052749-8D4A-4F94-8B78-91AA6793C096}.Release|Any CPU.ActiveCfg = Release|Any CPU
	EndGlobalSection
	GlobalSection(SolutionProperties) = preSolution
		HideSolutionNode = FALSE
	EndGlobalSection
	GlobalSection(ExtensibilityGlobals) = postSolution
		SolutionGuid = {38F7C24F-2D23-4666-8336-72F919635A98}
	EndGlobalSection
EndGlobal
